// !$*UTF8*$!
{
	archiveVersion = 1;
	classes = {
	};
	objectVersion = 56;
	objects = {

/* Begin PBXBuildFile section */
		657395BE2C6F89E4008675F6 /* CSCI3300App.swift in Sources */ = {isa = PBXBuildFile; fileRef = 657395BD2C6F89E4008675F6 /* CSCI3300App.swift */; };
		657395C02C6F89E4008675F6 /* ContentView.swift in Sources */ = {isa = PBXBuildFile; fileRef = 657395BF2C6F89E4008675F6 /* ContentView.swift */; };
		657395C22C6F89E5008675F6 /* Assets.xcassets in Resources */ = {isa = PBXBuildFile; fileRef = 657395C12C6F89E5008675F6 /* Assets.xcassets */; };
		657395C52C6F89E5008675F6 /* Preview Assets.xcassets in Resources */ = {isa = PBXBuildFile; fileRef = 657395C42C6F89E5008675F6 /* Preview Assets.xcassets */; };
		657395C72C6F89E5008675F6 /* Persistence.swift in Sources */ = {isa = PBXBuildFile; fileRef = 657395C62C6F89E5008675F6 /* Persistence.swift */; };
		657395CA2C6F89E5008675F6 /* CSCI3300.xcdatamodeld in Sources */ = {isa = PBXBuildFile; fileRef = 657395C82C6F89E5008675F6 /* CSCI3300.xcdatamodeld */; };
		657395D42C6F89E5008675F6 /* CSCI3300Tests.swift in Sources */ = {isa = PBXBuildFile; fileRef = 657395D32C6F89E5008675F6 /* CSCI3300Tests.swift */; };
		657395DE2C6F89E5008675F6 /* CSCI3300UITests.swift in Sources */ = {isa = PBXBuildFile; fileRef = 657395DD2C6F89E5008675F6 /* CSCI3300UITests.swift */; };
		657395E02C6F89E5008675F6 /* CSCI3300UITestsLaunchTests.swift in Sources */ = {isa = PBXBuildFile; fileRef = 657395DF2C6F89E5008675F6 /* CSCI3300UITestsLaunchTests.swift */; };
/* End PBXBuildFile section */

/* Begin PBXContainerItemProxy section */
		657395D02C6F89E5008675F6 /* PBXContainerItemProxy */ = {
			isa = PBXContainerItemProxy;
			containerPortal = 657395B22C6F89E4008675F6 /* Project object */;
			proxyType = 1;
			remoteGlobalIDString = 657395B92C6F89E4008675F6;
			remoteInfo = CSCI3300;
		};
		657395DA2C6F89E5008675F6 /* PBXContainerItemProxy */ = {
			isa = PBXContainerItemProxy;
			containerPortal = 657395B22C6F89E4008675F6 /* Project object */;
			proxyType = 1;
			remoteGlobalIDString = 657395B92C6F89E4008675F6;
			remoteInfo = CSCI3300;
		};
/* End PBXContainerItemProxy section */

/* Begin PBXFileReference section */
		657395BA2C6F89E4008675F6 /* CSCI3300.app */ = {isa = PBXFileReference; explicitFileType = wrapper.application; includeInIndex = 0; path = CSCI3300.app; sourceTree = BUILT_PRODUCTS_DIR; };
		657395BD2C6F89E4008675F6 /* CSCI3300App.swift */ = {isa = PBXFileReference; lastKnownFileType = sourcecode.swift; path = CSCI3300App.swift; sourceTree = "<group>"; };
		657395BF2C6F89E4008675F6 /* ContentView.swift */ = {isa = PBXFileReference; lastKnownFileType = sourcecode.swift; path = ContentView.swift; sourceTree = "<group>"; };
		657395C12C6F89E5008675F6 /* Assets.xcassets */ = {isa = PBXFileReference; lastKnownFileType = folder.assetcatalog; path = Assets.xcassets; sourceTree = "<group>"; };
		657395C42C6F89E5008675F6 /* Preview Assets.xcassets */ = {isa = PBXFileReference; lastKnownFileType = folder.assetcatalog; path = "Preview Assets.xcassets"; sourceTree = "<group>"; };
		657395C62C6F89E5008675F6 /* Persistence.swift */ = {isa = PBXFileReference; lastKnownFileType = sourcecode.swift; path = Persistence.swift; sourceTree = "<group>"; };
		657395C92C6F89E5008675F6 /* CSCI3300.xcdatamodel */ = {isa = PBXFileReference; lastKnownFileType = wrapper.xcdatamodel; path = CSCI3300.xcdatamodel; sourceTree = "<group>"; };
		657395CF2C6F89E5008675F6 /* CSCI3300Tests.xctest */ = {isa = PBXFileReference; explicitFileType = wrapper.cfbundle; includeInIndex = 0; path = CSCI3300Tests.xctest; sourceTree = BUILT_PRODUCTS_DIR; };
		657395D32C6F89E5008675F6 /* CSCI3300Tests.swift */ = {isa = PBXFileReference; lastKnownFileType = sourcecode.swift; path = CSCI3300Tests.swift; sourceTree = "<group>"; };
		657395D92C6F89E5008675F6 /* CSCI3300UITests.xctest */ = {isa = PBXFileReference; explicitFileType = wrapper.cfbundle; includeInIndex = 0; path = CSCI3300UITests.xctest; sourceTree = BUILT_PRODUCTS_DIR; };
		657395DD2C6F89E5008675F6 /* CSCI3300UITests.swift */ = {isa = PBXFileReference; lastKnownFileType = sourcecode.swift; path = CSCI3300UITests.swift; sourceTree = "<group>"; };
		657395DF2C6F89E5008675F6 /* CSCI3300UITestsLaunchTests.swift */ = {isa = PBXFileReference; lastKnownFileType = sourcecode.swift; path = CSCI3300UITestsLaunchTests.swift; sourceTree = "<group>"; };
/* End PBXFileReference section */

/* Begin PBXFrameworksBuildPhase section */
		657395B72C6F89E4008675F6 /* Frameworks */ = {
			isa = PBXFrameworksBuildPhase;
			buildActionMask = 2147483647;
			files = (
			);
			runOnlyForDeploymentPostprocessing = 0;
		};
		657395CC2C6F89E5008675F6 /* Frameworks */ = {
			isa = PBXFrameworksBuildPhase;
			buildActionMask = 2147483647;
			files = (
			);
			runOnlyForDeploymentPostprocessing = 0;
		};
		657395D62C6F89E5008675F6 /* Frameworks */ = {
			isa = PBXFrameworksBuildPhase;
			buildActionMask = 2147483647;
			files = (
			);
			runOnlyForDeploymentPostprocessing = 0;
		};
/* End PBXFrameworksBuildPhase section */

/* Begin PBXGroup section */
		657395B12C6F89E4008675F6 = {
			isa = PBXGroup;
			children = (
				657395BC2C6F89E4008675F6 /* CSCI3300 */,
				657395D22C6F89E5008675F6 /* CSCI3300Tests */,
				657395DC2C6F89E5008675F6 /* CSCI3300UITests */,
				657395BB2C6F89E4008675F6 /* Products */,
			);
			sourceTree = "<group>";
		};
		657395BB2C6F89E4008675F6 /* Products */ = {
			isa = PBXGroup;
			children = (
				657395BA2C6F89E4008675F6 /* CSCI3300.app */,
				657395CF2C6F89E5008675F6 /* CSCI3300Tests.xctest */,
				657395D92C6F89E5008675F6 /* CSCI3300UITests.xctest */,
			);
			name = Products;
			sourceTree = "<group>";
		};
		657395BC2C6F89E4008675F6 /* CSCI3300 */ = {
			isa = PBXGroup;
			children = (
				657395BD2C6F89E4008675F6 /* CSCI3300App.swift */,
				657395BF2C6F89E4008675F6 /* ContentView.swift */,
				657395C12C6F89E5008675F6 /* Assets.xcassets */,
				657395C62C6F89E5008675F6 /* Persistence.swift */,
				657395C82C6F89E5008675F6 /* CSCI3300.xcdatamodeld */,
				657395C32C6F89E5008675F6 /* Preview Content */,
			);
			path = CSCI3300;
			sourceTree = "<group>";
		};
		657395C32C6F89E5008675F6 /* Preview Content */ = {
			isa = PBXGroup;
			children = (
				657395C42C6F89E5008675F6 /* Preview Assets.xcassets */,
			);
			path = "Preview Content";
			sourceTree = "<group>";
		};
		657395D22C6F89E5008675F6 /* CSCI3300Tests */ = {
			isa = PBXGroup;
			children = (
				657395D32C6F89E5008675F6 /* CSCI3300Tests.swift */,
			);
			path = CSCI3300Tests;
			sourceTree = "<group>";
		};
		657395DC2C6F89E5008675F6 /* CSCI3300UITests */ = {
			isa = PBXGroup;
			children = (
				657395DD2C6F89E5008675F6 /* CSCI3300UITests.swift */,
				657395DF2C6F89E5008675F6 /* CSCI3300UITestsLaunchTests.swift */,
			);
			path = CSCI3300UITests;
			sourceTree = "<group>";
		};
/* End PBXGroup section */

/* Begin PBXNativeTarget section */
		657395B92C6F89E4008675F6 /* CSCI3300 */ = {
			isa = PBXNativeTarget;
			buildConfigurationList = 657395E32C6F89E5008675F6 /* Build configuration list for PBXNativeTarget "CSCI3300" */;
			buildPhases = (
				657395B62C6F89E4008675F6 /* Sources */,
				657395B72C6F89E4008675F6 /* Frameworks */,
				657395B82C6F89E4008675F6 /* Resources */,
			);
			buildRules = (
			);
			dependencies = (
			);
			name = CSCI3300;
			productName = CSCI3300;
			productReference = 657395BA2C6F89E4008675F6 /* CSCI3300.app */;
			productType = "com.apple.product-type.application";
		};
		657395CE2C6F89E5008675F6 /* CSCI3300Tests */ = {
			isa = PBXNativeTarget;
			buildConfigurationList = 657395E62C6F89E5008675F6 /* Build configuration list for PBXNativeTarget "CSCI3300Tests" */;
			buildPhases = (
				657395CB2C6F89E5008675F6 /* Sources */,
				657395CC2C6F89E5008675F6 /* Frameworks */,
				657395CD2C6F89E5008675F6 /* Resources */,
			);
			buildRules = (
			);
			dependencies = (
				657395D12C6F89E5008675F6 /* PBXTargetDependency */,
			);
			name = CSCI3300Tests;
			productName = CSCI3300Tests;
			productReference = 657395CF2C6F89E5008675F6 /* CSCI3300Tests.xctest */;
			productType = "com.apple.product-type.bundle.unit-test";
		};
		657395D82C6F89E5008675F6 /* CSCI3300UITests */ = {
			isa = PBXNativeTarget;
			buildConfigurationList = 657395E92C6F89E5008675F6 /* Build configuration list for PBXNativeTarget "CSCI3300UITests" */;
			buildPhases = (
				657395D52C6F89E5008675F6 /* Sources */,
				657395D62C6F89E5008675F6 /* Frameworks */,
				657395D72C6F89E5008675F6 /* Resources */,
			);
			buildRules = (
			);
			dependencies = (
				657395DB2C6F89E5008675F6 /* PBXTargetDependency */,
			);
			name = CSCI3300UITests;
			productName = CSCI3300UITests;
			productReference = 657395D92C6F89E5008675F6 /* CSCI3300UITests.xctest */;
			productType = "com.apple.product-type.bundle.ui-testing";
		};
/* End PBXNativeTarget section */

/* Begin PBXProject section */
		657395B22C6F89E4008675F6 /* Project object */ = {
			isa = PBXProject;
			attributes = {
				BuildIndependentTargetsInParallel = 1;
				LastSwiftUpdateCheck = 1540;
				LastUpgradeCheck = 1540;
				TargetAttributes = {
					657395B92C6F89E4008675F6 = {
						CreatedOnToolsVersion = 15.4;
					};
					657395CE2C6F89E5008675F6 = {
						CreatedOnToolsVersion = 15.4;
						TestTargetID = 657395B92C6F89E4008675F6;
					};
					657395D82C6F89E5008675F6 = {
						CreatedOnToolsVersion = 15.4;
						TestTargetID = 657395B92C6F89E4008675F6;
					};
				};
			};
			buildConfigurationList = 657395B52C6F89E4008675F6 /* Build configuration list for PBXProject "CSCI3300" */;
			compatibilityVersion = "Xcode 14.0";
			developmentRegion = en;
			hasScannedForEncodings = 0;
			knownRegions = (
				en,
				Base,
			);
			mainGroup = 657395B12C6F89E4008675F6;
			productRefGroup = 657395BB2C6F89E4008675F6 /* Products */;
			projectDirPath = "";
			projectRoot = "";
			targets = (
				657395B92C6F89E4008675F6 /* CSCI3300 */,
				657395CE2C6F89E5008675F6 /* CSCI3300Tests */,
				657395D82C6F89E5008675F6 /* CSCI3300UITests */,
			);
		};
/* End PBXProject section */

/* Begin PBXResourcesBuildPhase section */
		657395B82C6F89E4008675F6 /* Resources */ = {
			isa = PBXResourcesBuildPhase;
			buildActionMask = 2147483647;
			files = (
				657395C52C6F89E5008675F6 /* Preview Assets.xcassets in Resources */,
				657395C22C6F89E5008675F6 /* Assets.xcassets in Resources */,
			);
			runOnlyForDeploymentPostprocessing = 0;
		};
		657395CD2C6F89E5008675F6 /* Resources */ = {
			isa = PBXResourcesBuildPhase;
			buildActionMask = 2147483647;
			files = (
			);
			runOnlyForDeploymentPostprocessing = 0;
		};
		657395D72C6F89E5008675F6 /* Resources */ = {
			isa = PBXResourcesBuildPhase;
			buildActionMask = 2147483647;
			files = (
			);
			runOnlyForDeploymentPostprocessing = 0;
		};
/* End PBXResourcesBuildPhase section */

/* Begin PBXSourcesBuildPhase section */
		657395B62C6F89E4008675F6 /* Sources */ = {
			isa = PBXSourcesBuildPhase;
			buildActionMask = 2147483647;
			files = (
				657395C72C6F89E5008675F6 /* Persistence.swift in Sources */,
				657395CA2C6F89E5008675F6 /* CSCI3300.xcdatamodeld in Sources */,
				657395C02C6F89E4008675F6 /* ContentView.swift in Sources */,
				657395BE2C6F89E4008675F6 /* CSCI3300App.swift in Sources */,
			);
			runOnlyForDeploymentPostprocessing = 0;
		};
		657395CB2C6F89E5008675F6 /* Sources */ = {
			isa = PBXSourcesBuildPhase;
			buildActionMask = 2147483647;
			files = (
				657395D42C6F89E5008675F6 /* CSCI3300Tests.swift in Sources */,
			);
			runOnlyForDeploymentPostprocessing = 0;
		};
		657395D52C6F89E5008675F6 /* Sources */ = {
			isa = PBXSourcesBuildPhase;
			buildActionMask = 2147483647;
			files = (
				657395E02C6F89E5008675F6 /* CSCI3300UITestsLaunchTests.swift in Sources */,
				657395DE2C6F89E5008675F6 /* CSCI3300UITests.swift in Sources */,
			);
			runOnlyForDeploymentPostprocessing = 0;
		};
/* End PBXSourcesBuildPhase section */

/* Begin PBXTargetDependency section */
		657395D12C6F89E5008675F6 /* PBXTargetDependency */ = {
			isa = PBXTargetDependency;
			target = 657395B92C6F89E4008675F6 /* CSCI3300 */;
			targetProxy = 657395D02C6F89E5008675F6 /* PBXContainerItemProxy */;
		};
		657395DB2C6F89E5008675F6 /* PBXTargetDependency */ = {
			isa = PBXTargetDependency;
			target = 657395B92C6F89E4008675F6 /* CSCI3300 */;
			targetProxy = 657395DA2C6F89E5008675F6 /* PBXContainerItemProxy */;
		};
/* End PBXTargetDependency section */

/* Begin XCBuildConfiguration section */
		657395E12C6F89E5008675F6 /* Debug */ = {
			isa = XCBuildConfiguration;
			buildSettings = {
				ALWAYS_SEARCH_USER_PATHS = NO;
				ASSETCATALOG_COMPILER_GENERATE_SWIFT_ASSET_SYMBOL_EXTENSIONS = YES;
				CLANG_ANALYZER_NONNULL = YES;
				CLANG_ANALYZER_NUMBER_OBJECT_CONVERSION = YES_AGGRESSIVE;
				CLANG_CXX_LANGUAGE_STANDARD = "gnu++20";
				CLANG_ENABLE_MODULES = YES;
				CLANG_ENABLE_OBJC_ARC = YES;
				CLANG_ENABLE_OBJC_WEAK = YES;
				CLANG_WARN_BLOCK_CAPTURE_AUTORELEASING = YES;
				CLANG_WARN_BOOL_CONVERSION = YES;
				CLANG_WARN_COMMA = YES;
				CLANG_WARN_CONSTANT_CONVERSION = YES;
				CLANG_WARN_DEPRECATED_OBJC_IMPLEMENTATIONS = YES;
				CLANG_WARN_DIRECT_OBJC_ISA_USAGE = YES_ERROR;
				CLANG_WARN_DOCUMENTATION_COMMENTS = YES;
				CLANG_WARN_EMPTY_BODY = YES;
				CLANG_WARN_ENUM_CONVERSION = YES;
				CLANG_WARN_INFINITE_RECURSION = YES;
				CLANG_WARN_INT_CONVERSION = YES;
				CLANG_WARN_NON_LITERAL_NULL_CONVERSION = YES;
				CLANG_WARN_OBJC_IMPLICIT_RETAIN_SELF = YES;
				CLANG_WARN_OBJC_LITERAL_CONVERSION = YES;
				CLANG_WARN_OBJC_ROOT_CLASS = YES_ERROR;
				CLANG_WARN_QUOTED_INCLUDE_IN_FRAMEWORK_HEADER = YES;
				CLANG_WARN_RANGE_LOOP_ANALYSIS = YES;
				CLANG_WARN_STRICT_PROTOTYPES = YES;
				CLANG_WARN_SUSPICIOUS_MOVE = YES;
				CLANG_WARN_UNGUARDED_AVAILABILITY = YES_AGGRESSIVE;
				CLANG_WARN_UNREACHABLE_CODE = YES;
				CLANG_WARN__DUPLICATE_METHOD_MATCH = YES;
				COPY_PHASE_STRIP = NO;
				DEBUG_INFORMATION_FORMAT = dwarf;
				ENABLE_STRICT_OBJC_MSGSEND = YES;
				ENABLE_TESTABILITY = YES;
				ENABLE_USER_SCRIPT_SANDBOXING = YES;
				GCC_C_LANGUAGE_STANDARD = gnu17;
				GCC_DYNAMIC_NO_PIC = NO;
				GCC_NO_COMMON_BLOCKS = YES;
				GCC_OPTIMIZATION_LEVEL = 0;
				GCC_PREPROCESSOR_DEFINITIONS = (
					"DEBUG=1",
					"$(inherited)",
				);
				GCC_WARN_64_TO_32_BIT_CONVERSION = YES;
				GCC_WARN_ABOUT_RETURN_TYPE = YES_ERROR;
				GCC_WARN_UNDECLARED_SELECTOR = YES;
				GCC_WARN_UNINITIALIZED_AUTOS = YES_AGGRESSIVE;
				GCC_WARN_UNUSED_FUNCTION = YES;
				GCC_WARN_UNUSED_VARIABLE = YES;
				IPHONEOS_DEPLOYMENT_TARGET = 17.5;
				LOCALIZATION_PREFERS_STRING_CATALOGS = YES;
				MTL_ENABLE_DEBUG_INFO = INCLUDE_SOURCE;
				MTL_FAST_MATH = YES;
				ONLY_ACTIVE_ARCH = YES;
				SDKROOT = iphoneos;
				SWIFT_ACTIVE_COMPILATION_CONDITIONS = "DEBUG $(inherited)";
				SWIFT_OPTIMIZATION_LEVEL = "-Onone";
			};
			name = Debug;
		};
		657395E22C6F89E5008675F6 /* Release */ = {
			isa = XCBuildConfiguration;
			buildSettings = {
				ALWAYS_SEARCH_USER_PATHS = NO;
				ASSETCATALOG_COMPILER_GENERATE_SWIFT_ASSET_SYMBOL_EXTENSIONS = YES;
				CLANG_ANALYZER_NONNULL = YES;
				CLANG_ANALYZER_NUMBER_OBJECT_CONVERSION = YES_AGGRESSIVE;
				CLANG_CXX_LANGUAGE_STANDARD = "gnu++20";
				CLANG_ENABLE_MODULES = YES;
				CLANG_ENABLE_OBJC_ARC = YES;
				CLANG_ENABLE_OBJC_WEAK = YES;
				CLANG_WARN_BLOCK_CAPTURE_AUTORELEASING = YES;
				CLANG_WARN_BOOL_CONVERSION = YES;
				CLANG_WARN_COMMA = YES;
				CLANG_WARN_CONSTANT_CONVERSION = YES;
				CLANG_WARN_DEPRECATED_OBJC_IMPLEMENTATIONS = YES;
				CLANG_WARN_DIRECT_OBJC_ISA_USAGE = YES_ERROR;
				CLANG_WARN_DOCUMENTATION_COMMENTS = YES;
				CLANG_WARN_EMPTY_BODY = YES;
				CLANG_WARN_ENUM_CONVERSION = YES;
				CLANG_WARN_INFINITE_RECURSION = YES;
				CLANG_WARN_INT_CONVERSION = YES;
				CLANG_WARN_NON_LITERAL_NULL_CONVERSION = YES;
				CLANG_WARN_OBJC_IMPLICIT_RETAIN_SELF = YES;
				CLANG_WARN_OBJC_LITERAL_CONVERSION = YES;
				CLANG_WARN_OBJC_ROOT_CLASS = YES_ERROR;
				CLANG_WARN_QUOTED_INCLUDE_IN_FRAMEWORK_HEADER = YES;
				CLANG_WARN_RANGE_LOOP_ANALYSIS = YES;
				CLANG_WARN_STRICT_PROTOTYPES = YES;
				CLANG_WARN_SUSPICIOUS_MOVE = YES;
				CLANG_WARN_UNGUARDED_AVAILABILITY = YES_AGGRESSIVE;
				CLANG_WARN_UNREACHABLE_CODE = YES;
				CLANG_WARN__DUPLICATE_METHOD_MATCH = YES;
				COPY_PHASE_STRIP = NO;
				DEBUG_INFORMATION_FORMAT = "dwarf-with-dsym";
				ENABLE_NS_ASSERTIONS = NO;
				ENABLE_STRICT_OBJC_MSGSEND = YES;
				ENABLE_USER_SCRIPT_SANDBOXING = YES;
				GCC_C_LANGUAGE_STANDARD = gnu17;
				GCC_NO_COMMON_BLOCKS = YES;
				GCC_WARN_64_TO_32_BIT_CONVERSION = YES;
				GCC_WARN_ABOUT_RETURN_TYPE = YES_ERROR;
				GCC_WARN_UNDECLARED_SELECTOR = YES;
				GCC_WARN_UNINITIALIZED_AUTOS = YES_AGGRESSIVE;
				GCC_WARN_UNUSED_FUNCTION = YES;
				GCC_WARN_UNUSED_VARIABLE = YES;
				IPHONEOS_DEPLOYMENT_TARGET = 17.5;
				LOCALIZATION_PREFERS_STRING_CATALOGS = YES;
				MTL_ENABLE_DEBUG_INFO = NO;
				MTL_FAST_MATH = YES;
				SDKROOT = iphoneos;
				SWIFT_COMPILATION_MODE = wholemodule;
				VALIDATE_PRODUCT = YES;
			};
			name = Release;
		};
		657395E42C6F89E5008675F6 /* Debug */ = {
			isa = XCBuildConfiguration;
			buildSettings = {
				ASSETCATALOG_COMPILER_APPICON_NAME = AppIcon;
				ASSETCATALOG_COMPILER_GLOBAL_ACCENT_COLOR_NAME = AccentColor;
				CODE_SIGN_STYLE = Automatic;
				CURRENT_PROJECT_VERSION = 1;
				DEVELOPMENT_ASSET_PATHS = "\"CSCI3300/Preview Content\"";
				ENABLE_PREVIEWS = YES;
				GENERATE_INFOPLIST_FILE = YES;
				INFOPLIST_KEY_UIApplicationSceneManifest_Generation = YES;
				INFOPLIST_KEY_UIApplicationSupportsIndirectInputEvents = YES;
				INFOPLIST_KEY_UILaunchScreen_Generation = YES;
				INFOPLIST_KEY_UISupportedInterfaceOrientations_iPad = "UIInterfaceOrientationPortrait UIInterfaceOrientationPortraitUpsideDown UIInterfaceOrientationLandscapeLeft UIInterfaceOrientationLandscapeRight";
				INFOPLIST_KEY_UISupportedInterfaceOrientations_iPhone = "UIInterfaceOrientationPortrait UIInterfaceOrientationLandscapeLeft UIInterfaceOrientationLandscapeRight";
				LD_RUNPATH_SEARCH_PATHS = (
					"$(inherited)",
					"@executable_path/Frameworks",
				);
				MARKETING_VERSION = 1.0;
				PRODUCT_BUNDLE_IDENTIFIER = csci3300.CSCI3300;
				PRODUCT_NAME = "$(TARGET_NAME)";
				SWIFT_EMIT_LOC_STRINGS = YES;
				SWIFT_VERSION = 5.0;
				TARGETED_DEVICE_FAMILY = "1,2";
			};
			name = Debug;
		};
		657395E52C6F89E5008675F6 /* Release */ = {
			isa = XCBuildConfiguration;
			buildSettings = {
				ASSETCATALOG_COMPILER_APPICON_NAME = AppIcon;
				ASSETCATALOG_COMPILER_GLOBAL_ACCENT_COLOR_NAME = AccentColor;
				CODE_SIGN_STYLE = Automatic;
				CURRENT_PROJECT_VERSION = 1;
				DEVELOPMENT_ASSET_PATHS = "\"CSCI3300/Preview Content\"";
				ENABLE_PREVIEWS = YES;
				GENERATE_INFOPLIST_FILE = YES;
				INFOPLIST_KEY_UIApplicationSceneManifest_Generation = YES;
				INFOPLIST_KEY_UIApplicationSupportsIndirectInputEvents = YES;
				INFOPLIST_KEY_UILaunchScreen_Generation = YES;
				INFOPLIST_KEY_UISupportedInterfaceOrientations_iPad = "UIInterfaceOrientationPortrait UIInterfaceOrientationPortraitUpsideDown UIInterfaceOrientationLandscapeLeft UIInterfaceOrientationLandscapeRight";
				INFOPLIST_KEY_UISupportedInterfaceOrientations_iPhone = "UIInterfaceOrientationPortrait UIInterfaceOrientationLandscapeLeft UIInterfaceOrientationLandscapeRight";
				LD_RUNPATH_SEARCH_PATHS = (
					"$(inherited)",
					"@executable_path/Frameworks",
				);
				MARKETING_VERSION = 1.0;
				PRODUCT_BUNDLE_IDENTIFIER = csci3300.CSCI3300;
				PRODUCT_NAME = "$(TARGET_NAME)";
				SWIFT_EMIT_LOC_STRINGS = YES;
				SWIFT_VERSION = 5.0;
				TARGETED_DEVICE_FAMILY = "1,2";
			};
			name = Release;
		};
		657395E72C6F89E5008675F6 /* Debug */ = {
			isa = XCBuildConfiguration;
			buildSettings = {
				ALWAYS_EMBED_SWIFT_STANDARD_LIBRARIES = YES;
				BUNDLE_LOADER = "$(TEST_HOST)";
				CODE_SIGN_STYLE = Automatic;
				CURRENT_PROJECT_VERSION = 1;
				GENERATE_INFOPLIST_FILE = YES;
				IPHONEOS_DEPLOYMENT_TARGET = 17.5;
				MARKETING_VERSION = 1.0;
				PRODUCT_BUNDLE_IDENTIFIER = csci3300.CSCI3300Tests;
				PRODUCT_NAME = "$(TARGET_NAME)";
				SWIFT_EMIT_LOC_STRINGS = NO;
				SWIFT_VERSION = 5.0;
				TARGETED_DEVICE_FAMILY = "1,2";
				TEST_HOST = "$(BUILT_PRODUCTS_DIR)/CSCI3300.app/$(BUNDLE_EXECUTABLE_FOLDER_PATH)/CSCI3300";
			};
			name = Debug;
		};
		657395E82C6F89E5008675F6 /* Release */ = {
			isa = XCBuildConfiguration;
			buildSettings = {
				ALWAYS_EMBED_SWIFT_STANDARD_LIBRARIES = YES;
				BUNDLE_LOADER = "$(TEST_HOST)";
				CODE_SIGN_STYLE = Automatic;
				CURRENT_PROJECT_VERSION = 1;
				GENERATE_INFOPLIST_FILE = YES;
				IPHONEOS_DEPLOYMENT_TARGET = 17.5;
				MARKETING_VERSION = 1.0;
				PRODUCT_BUNDLE_IDENTIFIER = csci3300.CSCI3300Tests;
				PRODUCT_NAME = "$(TARGET_NAME)";
				SWIFT_EMIT_LOC_STRINGS = NO;
				SWIFT_VERSION = 5.0;
				TARGETED_DEVICE_FAMILY = "1,2";
				TEST_HOST = "$(BUILT_PRODUCTS_DIR)/CSCI3300.app/$(BUNDLE_EXECUTABLE_FOLDER_PATH)/CSCI3300";
			};
			name = Release;
		};
		657395EA2C6F89E5008675F6 /* Debug */ = {
			isa = XCBuildConfiguration;
			buildSettings = {
				ALWAYS_EMBED_SWIFT_STANDARD_LIBRARIES = YES;
				CODE_SIGN_STYLE = Automatic;
				CURRENT_PROJECT_VERSION = 1;
				GENERATE_INFOPLIST_FILE = YES;
				MARKETING_VERSION = 1.0;
				PRODUCT_BUNDLE_IDENTIFIER = csci3300.CSCI3300UITests;
				PRODUCT_NAME = "$(TARGET_NAME)";
				SWIFT_EMIT_LOC_STRINGS = NO;
				SWIFT_VERSION = 5.0;
				TARGETED_DEVICE_FAMILY = "1,2";
				TEST_TARGET_NAME = CSCI3300;
			};
			name = Debug;
		};
		657395EB2C6F89E5008675F6 /* Release */ = {
			isa = XCBuildConfiguration;
			buildSettings = {
				ALWAYS_EMBED_SWIFT_STANDARD_LIBRARIES = YES;
				CODE_SIGN_STYLE = Automatic;
				CURRENT_PROJECT_VERSION = 1;
				GENERATE_INFOPLIST_FILE = YES;
				MARKETING_VERSION = 1.0;
				PRODUCT_BUNDLE_IDENTIFIER = csci3300.CSCI3300UITests;
				PRODUCT_NAME = "$(TARGET_NAME)";
				SWIFT_EMIT_LOC_STRINGS = NO;
				SWIFT_VERSION = 5.0;
				TARGETED_DEVICE_FAMILY = "1,2";
				TEST_TARGET_NAME = CSCI3300;
			};
			name = Release;
		};
/* End XCBuildConfiguration section */

/* Begin XCConfigurationList section */
		657395B52C6F89E4008675F6 /* Build configuration list for PBXProject "CSCI3300" */ = {
			isa = XCConfigurationList;
			buildConfigurations = (
				657395E12C6F89E5008675F6 /* Debug */,
				657395E22C6F89E5008675F6 /* Release */,
			);
			defaultConfigurationIsVisible = 0;
			defaultConfigurationName = Release;
		};
		657395E32C6F89E5008675F6 /* Build configuration list for PBXNativeTarget "CSCI3300" */ = {
			isa = XCConfigurationList;
			buildConfigurations = (
				657395E42C6F89E5008675F6 /* Debug */,
				657395E52C6F89E5008675F6 /* Release */,
			);
			defaultConfigurationIsVisible = 0;
			defaultConfigurationName = Release;
		};
		657395E62C6F89E5008675F6 /* Build configuration list for PBXNativeTarget "CSCI3300Tests" */ = {
			isa = XCConfigurationList;
			buildConfigurations = (
				657395E72C6F89E5008675F6 /* Debug */,
				657395E82C6F89E5008675F6 /* Release */,
			);
			defaultConfigurationIsVisible = 0;
			defaultConfigurationName = Release;
		};
		657395E92C6F89E5008675F6 /* Build configuration list for PBXNativeTarget "CSCI3300UITests" */ = {
			isa = XCConfigurationList;
			buildConfigurations = (
				657395EA2C6F89E5008675F6 /* Debug */,
				657395EB2C6F89E5008675F6 /* Release */,
			);
			defaultConfigurationIsVisible = 0;
			defaultConfigurationName = Release;
		};
/* End XCConfigurationList section */

/* Begin XCVersionGroup section */
		657395C82C6F89E5008675F6 /* CSCI3300.xcdatamodeld */ = {
			isa = XCVersionGroup;
			children = (
				657395C92C6F89E5008675F6 /* CSCI3300.xcdatamodel */,
			);
			currentVersion = 657395C92C6F89E5008675F6 /* CSCI3300.xcdatamodel */;
			path = CSCI3300.xcdatamodeld;
			sourceTree = "<group>";
			versionGroupType = wrapper.xcdatamodel;
		};
/* End XCVersionGroup section */
	};
	rootObject = 657395B22C6F89E4008675F6 /* Project object */;
}
